
Microsoft Visual Studio Solution File, Format Version 12.00
# Visual Studio Version 17
VisualStudioVersion = 17.5.33627.172
MinimumVisualStudioVersion = 10.0.40219.1
Project("{8BC9CEB8-8B4A-11D0-8D11-00A0C91BC942}") = "RetSpoofer", "RetSpoofer.vcxproj", "{14ECD008-EBDA-43DA-9F73-518E297FD917}"
EndProject
Global
	GlobalSection(SolutionConfigurationPlatforms) = preSolution
		Debug|x64 = Debug|x64
		Debug|x86 = Debug|x86
		Release|x64 = Release|x64
		Release|x86 = Release|x86
	EndGlobalSection
	GlobalSection(ProjectConfigurationPlatforms) = postSolution
		{14ECD008-EBDA-43DA-9F73-518E297FD917}.Debug|x64.ActiveCfg = Debug|x64
		{14ECD008-EBDA-43DA-9F73-518E297FD917}.Debug|x64.Build.0 = Debug|x64
		{14ECD008-EBDA-43DA-9F73-518E297FD917}.Debug|x86.ActiveCfg = Debug|Win32
		{14ECD008-EBDA-43DA-9F73-518E297FD917}.Debug|x86.Build.0 = Debug|Win32
		{14ECD008-EBDA-43DA-9F73-518E297FD917}.Release|x64.ActiveCfg = Release|x64
		{14ECD008-EBDA-43DA-9F73-518E297FD917}.Release|x64.Build.0 = Release|x64
		{14ECD008-EBDA-43DA-9F73-518E297FD917}.Release|x86.ActiveCfg = Release|Win32
		{14ECD008-EBDA-43DA-9F73-518E297FD917}.Release|x86.Build.0 = Release|Win32
	EndGlobalSection
	GlobalSection(SolutionProperties) = preSolution
		HideSolutionNode = FALSE
	EndGlobalSection
	GlobalSection(ExtensibilityGlobals) = postSolution
		SolutionGuid = {5313E535-1446-436D-A814-21E025ED4586}
	EndGlobalSection
EndGlobal
